
Microsoft Visual Studio Solution File, Format Version 12.00
# Visual Studio 15
VisualStudioVersion = 15.0.28307.168
MinimumVisualStudioVersion = 10.0.40219.1
Project("{FAE04EC0-301F-11D3-BF4B-00C04F79EFBC}") = "client", "client\client.csproj", "{D4C5AF3A-7973-420D-9FF8-762DFF878F68}"
EndProject
Project("{FAE04EC0-301F-11D3-BF4B-00C04F79EFBC}") = "service", "service\service.csproj", "{651243A2-7059-4206-AEC0-C45A10D092C7}"
EndProject
Project("{FAE04EC0-301F-11D3-BF4B-00C04F79EFBC}") = "contract", "contract\contract.csproj", "{9A5471FA-4A7B-4E68-B276-FD8BF010A95D}"
EndProject
Global
	GlobalSection(SolutionConfigurationPlatforms) = preSolution
		Debug|Any CPU = Debug|Any CPU
		Release|Any CPU = Release|Any CPU
	EndGlobalSection
	GlobalSection(ProjectConfigurationPlatforms) = postSolution
		{D4C5AF3A-7973-420D-9FF8-762DFF878F68}.Debug|Any CPU.ActiveCfg = Debug|Any CPU
		{D4C5AF3A-7973-420D-9FF8-762DFF878F68}.Debug|Any CPU.Build.0 = Debug|Any CPU
		{D4C5AF3A-7973-420D-9FF8-762DFF878F68}.Release|Any CPU.ActiveCfg = Release|Any CPU
		{D4C5AF3A-7973-420D-9FF8-762DFF878F68}.Release|Any CPU.Build.0 = Release|Any CPU
		{651243A2-7059-4206-AEC0-C45A10D092C7}.Debug|Any CPU.ActiveCfg = Debug|Any CPU
		{651243A2-7059-4206-AEC0-C45A10D092C7}.Debug|Any CPU.Build.0 = Debug|Any CPU
		{651243A2-7059-4206-AEC0-C45A10D092C7}.Release|Any CPU.ActiveCfg = Release|Any CPU
		{651243A2-7059-4206-AEC0-C45A10D092C7}.Release|Any CPU.Build.0 = Release|Any CPU
		{9A5471FA-4A7B-4E68-B276-FD8BF010A95D}.Debug|Any CPU.ActiveCfg = Debug|Any CPU
		{9A5471FA-4A7B-4E68-B276-FD8BF010A95D}.Debug|Any CPU.Build.0 = Debug|Any CPU
		{9A5471FA-4A7B-4E68-B276-FD8BF010A95D}.Release|Any CPU.ActiveCfg = Release|Any CPU
		{9A5471FA-4A7B-4E68-B276-FD8BF010A95D}.Release|Any CPU.Build.0 = Release|Any CPU
	EndGlobalSection
	GlobalSection(SolutionProperties) = preSolution
		HideSolutionNode = FALSE
	EndGlobalSection
	GlobalSection(ExtensibilityGlobals) = postSolution
		SolutionGuid = {775B592E-A468-419E-B4F1-2F1B0FF60607}
	EndGlobalSection
EndGlobal
